
Microsoft Visual Studio Solution File, Format Version 12.00
# Visual Studio Version 17
VisualStudioVersion = 17.4.33205.214
MinimumVisualStudioVersion = 10.0.40219.1
Project("{2150E333-8FDC-42A3-9474-1A3956D46DE8}") = "BuildingBlocks", "BuildingBlocks", "{87B6E443-1B34-4E8B-98F5-62FA5E6770CD}"
EndProject
Project("{2150E333-8FDC-42A3-9474-1A3956D46DE8}") = "Services", "Services", "{2BD2F3D7-785E-4DFC-9E32-EFE3E185DF61}"
EndProject
Project("{2150E333-8FDC-42A3-9474-1A3956D46DE8}") = "Catalog", "Catalog", "{C974E623-9F34-4DFA-B6D7-C0AE83CAF0EC}"
EndProject
Project("{9A19103F-16F7-4668-BE54-9A1E7A4F7556}") = "Catalog.api", "Catalog.api\Catalog.api.csproj", "{A7BCB252-B934-4D82-A658-0EA5FF967A1E}"
EndProject
Project("{E53339B2-1760-4266-BCC7-CA923CBCF16C}") = "docker-compose", "docker-compose.dcproj", "{FAE7A63D-7720-45B5-81B8-A5C0C70F6269}"
EndProject
Project("{2150E333-8FDC-42A3-9474-1A3956D46DE8}") = "MISC", "MISC", "{CAF7B0EA-1801-41E9-BF6A-9BA843E39CB3}"
EndProject
Project("{9A19103F-16F7-4668-BE54-9A1E7A4F7556}") = "AsyncParallelTask", "MISC\AsyncParallelTask\AsyncParallelTask.csproj", "{76643B8C-AA9C-4C36-83D4-D1DEC67925C9}"
EndProject
Project("{2150E333-8FDC-42A3-9474-1A3956D46DE8}") = "Basket", "Basket", "{EEEF40EA-F6A2-4720-BB33-2A35DC4A78E0}"
EndProject
Project("{2150E333-8FDC-42A3-9474-1A3956D46DE8}") = "Inventory", "Inventory", "{AEE9CFC1-F841-4EBD-A3D1-526B5DCDE00C}"
EndProject
Project("{2150E333-8FDC-42A3-9474-1A3956D46DE8}") = "Ordering", "Ordering", "{80D87DEE-EF77-4005-B2E7-2467405462B7}"
EndProject
Project("{9A19103F-16F7-4668-BE54-9A1E7A4F7556}") = "Basket.api", "Basket.api\Basket.api.csproj", "{7F394F1F-5052-406A-BBF6-021DE2C3E9AE}"
EndProject
Project("{9A19103F-16F7-4668-BE54-9A1E7A4F7556}") = "Inventory.grpc", "Inventory.grpc\Inventory.grpc.csproj", "{B843C095-74F4-44B9-89CA-BD6339CA627F}"
EndProject
Project("{9A19103F-16F7-4668-BE54-9A1E7A4F7556}") = "Ordering.api", "Ordering.api\Ordering.api.csproj", "{834FA46E-F201-4BBC-92E1-B95E4C5B1DB6}"
EndProject
Project("{9A19103F-16F7-4668-BE54-9A1E7A4F7556}") = "Ordering.Application", "Ordering.Application\Ordering.Application.csproj", "{D444D674-AFD0-497C-B877-E4ED3F78BE39}"
EndProject
Project("{9A19103F-16F7-4668-BE54-9A1E7A4F7556}") = "Ordering.Domain", "Ordering.Domain\Ordering.Domain.csproj", "{479D1CD3-E023-4994-8A62-01C581DA3121}"
EndProject
Project("{9A19103F-16F7-4668-BE54-9A1E7A4F7556}") = "Ordering.Infrastructure", "Ordering.Infrastructure\Ordering.Infrastructure.csproj", "{06DDBB5D-CB02-406B-A032-959C475AD526}"
EndProject
Project("{9A19103F-16F7-4668-BE54-9A1E7A4F7556}") = "Ordering.Test", "Ordering.Test\Ordering.Test.csproj", "{957EC983-2323-4F66-AFFE-4C09933D0109}"
EndProject
Project("{9A19103F-16F7-4668-BE54-9A1E7A4F7556}") = "FuncExpTuple", "MISC\FuncExpTuple\FuncExpTuple.csproj", "{2D9B02E2-8651-42BA-B23D-A700757578D6}"
EndProject
Project("{FAE04EC0-301F-11D3-BF4B-00C04F79EFBC}") = "EventBus.Messages", "EventBus.Messages\EventBus.Messages.csproj", "{30826E0E-D9CC-47E2-BA54-5964CDFD74AB}"
EndProject
Project("{2150E333-8FDC-42A3-9474-1A3956D46DE8}") = "Identity", "Identity", "{71BF0588-E375-4D0F-B73E-6523C6F6764E}"
EndProject
Project("{FAE04EC0-301F-11D3-BF4B-00C04F79EFBC}") = "Authentication.api", "Authentication.api\Authentication.api.csproj", "{865C8FEF-296A-406B-A195-089BC20E9DFB}"
EndProject
Global
	GlobalSection(SolutionConfigurationPlatforms) = preSolution
		Debug|Any CPU = Debug|Any CPU
		Release|Any CPU = Release|Any CPU
	EndGlobalSection
	GlobalSection(ProjectConfigurationPlatforms) = postSolution
		{A7BCB252-B934-4D82-A658-0EA5FF967A1E}.Debug|Any CPU.ActiveCfg = Debug|Any CPU
		{A7BCB252-B934-4D82-A658-0EA5FF967A1E}.Debug|Any CPU.Build.0 = Debug|Any CPU
		{A7BCB252-B934-4D82-A658-0EA5FF967A1E}.Release|Any CPU.ActiveCfg = Release|Any CPU
		{A7BCB252-B934-4D82-A658-0EA5FF967A1E}.Release|Any CPU.Build.0 = Release|Any CPU
		{FAE7A63D-7720-45B5-81B8-A5C0C70F6269}.Debug|Any CPU.ActiveCfg = Debug|Any CPU
		{FAE7A63D-7720-45B5-81B8-A5C0C70F6269}.Debug|Any CPU.Build.0 = Debug|Any CPU
		{FAE7A63D-7720-45B5-81B8-A5C0C70F6269}.Release|Any CPU.ActiveCfg = Release|Any CPU
		{FAE7A63D-7720-45B5-81B8-A5C0C70F6269}.Release|Any CPU.Build.0 = Release|Any CPU
		{76643B8C-AA9C-4C36-83D4-D1DEC67925C9}.Debug|Any CPU.ActiveCfg = Debug|Any CPU
		{76643B8C-AA9C-4C36-83D4-D1DEC67925C9}.Debug|Any CPU.Build.0 = Debug|Any CPU
		{76643B8C-AA9C-4C36-83D4-D1DEC67925C9}.Release|Any CPU.ActiveCfg = Release|Any CPU
		{76643B8C-AA9C-4C36-83D4-D1DEC67925C9}.Release|Any CPU.Build.0 = Release|Any CPU
		{7F394F1F-5052-406A-BBF6-021DE2C3E9AE}.Debug|Any CPU.ActiveCfg = Debug|Any CPU
		{7F394F1F-5052-406A-BBF6-021DE2C3E9AE}.Debug|Any CPU.Build.0 = Debug|Any CPU
		{7F394F1F-5052-406A-BBF6-021DE2C3E9AE}.Release|Any CPU.ActiveCfg = Release|Any CPU
		{7F394F1F-5052-406A-BBF6-021DE2C3E9AE}.Release|Any CPU.Build.0 = Release|Any CPU
		{B843C095-74F4-44B9-89CA-BD6339CA627F}.Debug|Any CPU.ActiveCfg = Debug|Any CPU
		{B843C095-74F4-44B9-89CA-BD6339CA627F}.Debug|Any CPU.Build.0 = Debug|Any CPU
		{B843C095-74F4-44B9-89CA-BD6339CA627F}.Release|Any CPU.ActiveCfg = Release|Any CPU
		{B843C095-74F4-44B9-89CA-BD6339CA627F}.Release|Any CPU.Build.0 = Release|Any CPU
		{834FA46E-F201-4BBC-92E1-B95E4C5B1DB6}.Debug|Any CPU.ActiveCfg = Debug|Any CPU
		{834FA46E-F201-4BBC-92E1-B95E4C5B1DB6}.Debug|Any CPU.Build.0 = Debug|Any CPU
		{834FA46E-F201-4BBC-92E1-B95E4C5B1DB6}.Release|Any CPU.ActiveCfg = Release|Any CPU
		{834FA46E-F201-4BBC-92E1-B95E4C5B1DB6}.Release|Any CPU.Build.0 = Release|Any CPU
		{D444D674-AFD0-497C-B877-E4ED3F78BE39}.Debug|Any CPU.ActiveCfg = Debug|Any CPU
		{D444D674-AFD0-497C-B877-E4ED3F78BE39}.Debug|Any CPU.Build.0 = Debug|Any CPU
		{D444D674-AFD0-497C-B877-E4ED3F78BE39}.Release|Any CPU.ActiveCfg = Release|Any CPU
		{D444D674-AFD0-497C-B877-E4ED3F78BE39}.Release|Any CPU.Build.0 = Release|Any CPU
		{479D1CD3-E023-4994-8A62-01C581DA3121}.Debug|Any CPU.ActiveCfg = Debug|Any CPU
		{479D1CD3-E023-4994-8A62-01C581DA3121}.Debug|Any CPU.Build.0 = Debug|Any CPU
		{479D1CD3-E023-4994-8A62-01C581DA3121}.Release|Any CPU.ActiveCfg = Release|Any CPU
		{479D1CD3-E023-4994-8A62-01C581DA3121}.Release|Any CPU.Build.0 = Release|Any CPU
		{06DDBB5D-CB02-406B-A032-959C475AD526}.Debug|Any CPU.ActiveCfg = Debug|Any CPU
		{06DDBB5D-CB02-406B-A032-959C475AD526}.Debug|Any CPU.Build.0 = Debug|Any CPU
		{06DDBB5D-CB02-406B-A032-959C475AD526}.Release|Any CPU.ActiveCfg = Release|Any CPU
		{06DDBB5D-CB02-406B-A032-959C475AD526}.Release|Any CPU.Build.0 = Release|Any CPU
		{957EC983-2323-4F66-AFFE-4C09933D0109}.Debug|Any CPU.ActiveCfg = Debug|Any CPU
		{957EC983-2323-4F66-AFFE-4C09933D0109}.Debug|Any CPU.Build.0 = Debug|Any CPU
		{957EC983-2323-4F66-AFFE-4C09933D0109}.Release|Any CPU.ActiveCfg = Release|Any CPU
		{957EC983-2323-4F66-AFFE-4C09933D0109}.Release|Any CPU.Build.0 = Release|Any CPU
		{2D9B02E2-8651-42BA-B23D-A700757578D6}.Debug|Any CPU.ActiveCfg = Debug|Any CPU
		{2D9B02E2-8651-42BA-B23D-A700757578D6}.Debug|Any CPU.Build.0 = Debug|Any CPU
		{2D9B02E2-8651-42BA-B23D-A700757578D6}.Release|Any CPU.ActiveCfg = Release|Any CPU
		{2D9B02E2-8651-42BA-B23D-A700757578D6}.Release|Any CPU.Build.0 = Release|Any CPU
		{30826E0E-D9CC-47E2-BA54-5964CDFD74AB}.Debug|Any CPU.ActiveCfg = Debug|Any CPU
		{30826E0E-D9CC-47E2-BA54-5964CDFD74AB}.Debug|Any CPU.Build.0 = Debug|Any CPU
		{30826E0E-D9CC-47E2-BA54-5964CDFD74AB}.Release|Any CPU.ActiveCfg = Release|Any CPU
		{30826E0E-D9CC-47E2-BA54-5964CDFD74AB}.Release|Any CPU.Build.0 = Release|Any CPU
		{865C8FEF-296A-406B-A195-089BC20E9DFB}.Debug|Any CPU.ActiveCfg = Debug|Any CPU
		{865C8FEF-296A-406B-A195-089BC20E9DFB}.Debug|Any CPU.Build.0 = Debug|Any CPU
		{865C8FEF-296A-406B-A195-089BC20E9DFB}.Release|Any CPU.ActiveCfg = Release|Any CPU
		{865C8FEF-296A-406B-A195-089BC20E9DFB}.Release|Any CPU.Build.0 = Release|Any CPU
	EndGlobalSection
	GlobalSection(SolutionProperties) = preSolution
		HideSolutionNode = FALSE
	EndGlobalSection
	GlobalSection(NestedProjects) = preSolution
		{C974E623-9F34-4DFA-B6D7-C0AE83CAF0EC} = {2BD2F3D7-785E-4DFC-9E32-EFE3E185DF61}
		{A7BCB252-B934-4D82-A658-0EA5FF967A1E} = {C974E623-9F34-4DFA-B6D7-C0AE83CAF0EC}
		{76643B8C-AA9C-4C36-83D4-D1DEC67925C9} = {CAF7B0EA-1801-41E9-BF6A-9BA843E39CB3}
		{EEEF40EA-F6A2-4720-BB33-2A35DC4A78E0} = {2BD2F3D7-785E-4DFC-9E32-EFE3E185DF61}
		{AEE9CFC1-F841-4EBD-A3D1-526B5DCDE00C} = {2BD2F3D7-785E-4DFC-9E32-EFE3E185DF61}
		{80D87DEE-EF77-4005-B2E7-2467405462B7} = {2BD2F3D7-785E-4DFC-9E32-EFE3E185DF61}
		{7F394F1F-5052-406A-BBF6-021DE2C3E9AE} = {EEEF40EA-F6A2-4720-BB33-2A35DC4A78E0}
		{B843C095-74F4-44B9-89CA-BD6339CA627F} = {AEE9CFC1-F841-4EBD-A3D1-526B5DCDE00C}
		{834FA46E-F201-4BBC-92E1-B95E4C5B1DB6} = {80D87DEE-EF77-4005-B2E7-2467405462B7}
		{D444D674-AFD0-497C-B877-E4ED3F78BE39} = {80D87DEE-EF77-4005-B2E7-2467405462B7}
		{479D1CD3-E023-4994-8A62-01C581DA3121} = {80D87DEE-EF77-4005-B2E7-2467405462B7}
		{06DDBB5D-CB02-406B-A032-959C475AD526} = {80D87DEE-EF77-4005-B2E7-2467405462B7}
		{957EC983-2323-4F66-AFFE-4C09933D0109} = {80D87DEE-EF77-4005-B2E7-2467405462B7}
		{2D9B02E2-8651-42BA-B23D-A700757578D6} = {CAF7B0EA-1801-41E9-BF6A-9BA843E39CB3}
		{30826E0E-D9CC-47E2-BA54-5964CDFD74AB} = {87B6E443-1B34-4E8B-98F5-62FA5E6770CD}
		{71BF0588-E375-4D0F-B73E-6523C6F6764E} = {2BD2F3D7-785E-4DFC-9E32-EFE3E185DF61}
		{865C8FEF-296A-406B-A195-089BC20E9DFB} = {71BF0588-E375-4D0F-B73E-6523C6F6764E}
	EndGlobalSection
	GlobalSection(ExtensibilityGlobals) = postSolution
		SolutionGuid = {F715AF32-F329-46D5-BA32-3E1C11878D94}
	EndGlobalSection
EndGlobal
